
Microsoft Visual Studio Solution File, Format Version 12.00
# Visual Studio Version 17
VisualStudioVersion = 17.14.36310.24 d17.14
MinimumVisualStudioVersion = 10.0.40219.1
Project("{FAE04EC0-301F-11D3-BF4B-00C04F79EFBC}") = "CotizadorAC", "CotizadorAC\CotizadorAC.csproj", "{C9305471-F32D-48A9-A45C-E886FEE760CD}"
EndProject
Global
	GlobalSection(SolutionConfigurationPlatforms) = preSolution
		Debug|Any CPU = Debug|Any CPU
		Release|Any CPU = Release|Any CPU
	EndGlobalSection
	GlobalSection(ProjectConfigurationPlatforms) = postSolution
		{C9305471-F32D-48A9-A45C-E886FEE760CD}.Debug|Any CPU.ActiveCfg = Debug|Any CPU
		{C9305471-F32D-48A9-A45C-E886FEE760CD}.Debug|Any CPU.Build.0 = Debug|Any CPU
		{C9305471-F32D-48A9-A45C-E886FEE760CD}.Release|Any CPU.ActiveCfg = Release|Any CPU
		{C9305471-F32D-48A9-A45C-E886FEE760CD}.Release|Any CPU.Build.0 = Release|Any CPU
	EndGlobalSection
	GlobalSection(SolutionProperties) = preSolution
		HideSolutionNode = FALSE
	EndGlobalSection
	GlobalSection(ExtensibilityGlobals) = postSolution
		SolutionGuid = {D1A47C62-22DE-4CF4-A6AD-4F3AA35E789F}
	EndGlobalSection
EndGlobal
